
Microsoft Visual Studio Solution File, Format Version 12.00
# Visual Studio 15
Project("{FAE04EC0-301F-11D3-BF4B-00C04F79EFBC}") = "Assembly-CSharp", "Assembly-CSharp.csproj", "{5A31E172-9E1B-BF85-D83D-2CCA043CD1FD}"
EndProject
Project("{FAE04EC0-301F-11D3-BF4B-00C04F79EFBC}") = "V_Animation", "V_Animation.csproj", "{324DD368-4B90-F20A-5683-68377C8FC9CA}"
EndProject
Global
	GlobalSection(SolutionConfigurationPlatforms) = preSolution
		Debug|Any CPU = Debug|Any CPU
		Release|Any CPU = Release|Any CPU
	EndGlobalSection
	GlobalSection(ProjectConfigurationPlatforms) = postSolution
		{5A31E172-9E1B-BF85-D83D-2CCA043CD1FD}.Debug|Any CPU.ActiveCfg = Debug|Any CPU
		{5A31E172-9E1B-BF85-D83D-2CCA043CD1FD}.Debug|Any CPU.Build.0 = Debug|Any CPU
		{5A31E172-9E1B-BF85-D83D-2CCA043CD1FD}.Release|Any CPU.ActiveCfg = Release|Any CPU
		{5A31E172-9E1B-BF85-D83D-2CCA043CD1FD}.Release|Any CPU.Build.0 = Release|Any CPU
		{324DD368-4B90-F20A-5683-68377C8FC9CA}.Debug|Any CPU.ActiveCfg = Debug|Any CPU
		{324DD368-4B90-F20A-5683-68377C8FC9CA}.Debug|Any CPU.Build.0 = Debug|Any CPU
		{324DD368-4B90-F20A-5683-68377C8FC9CA}.Release|Any CPU.ActiveCfg = Release|Any CPU
		{324DD368-4B90-F20A-5683-68377C8FC9CA}.Release|Any CPU.Build.0 = Release|Any CPU
	EndGlobalSection
	GlobalSection(SolutionProperties) = preSolution
		HideSolutionNode = FALSE
	EndGlobalSection
EndGlobal
